
Microsoft Visual Studio Solution File, Format Version 12.00
# Visual Studio Version 18
VisualStudioVersion = 18.2.11415.280 d18.0
MinimumVisualStudioVersion = 10.0.40219.1
Project("{FAE04EC0-301F-11D3-BF4B-00C04F79EFBC}") = "study-document-manager", "study-document-manager\study-document-manager.csproj", "{1F3BD953-F9F2-4C60-AA9B-910FB2379F9B}"
EndProject
Global
	GlobalSection(SolutionConfigurationPlatforms) = preSolution
		Debug|Any CPU = Debug|Any CPU
		Release|Any CPU = Release|Any CPU
	EndGlobalSection
	GlobalSection(ProjectConfigurationPlatforms) = postSolution
		{1F3BD953-F9F2-4C60-AA9B-910FB2379F9B}.Debug|Any CPU.ActiveCfg = Debug|Any CPU
		{1F3BD953-F9F2-4C60-AA9B-910FB2379F9B}.Debug|Any CPU.Build.0 = Debug|Any CPU
		{1F3BD953-F9F2-4C60-AA9B-910FB2379F9B}.Release|Any CPU.ActiveCfg = Release|Any CPU
		{1F3BD953-F9F2-4C60-AA9B-910FB2379F9B}.Release|Any CPU.Build.0 = Release|Any CPU
	EndGlobalSection
	GlobalSection(SolutionProperties) = preSolution
		HideSolutionNode = FALSE
	EndGlobalSection
	GlobalSection(ExtensibilityGlobals) = postSolution
		SolutionGuid = {CDAE9AE4-0E06-4E05-9C9B-060A95A7CE0A}
	EndGlobalSection
EndGlobal
